// !$*UTF8*$!
{
	archiveVersion = 1;
	classes = {
	};
	objectVersion = 50;
	objects = {

/* Begin PBXBuildFile section */
		CF4DB42E22C301E100BDA3DC /* AppDelegate.m in Sources */ = {isa = PBXBuildFile; fileRef = CF4DB42D22C301E100BDA3DC /* AppDelegate.m */; };
		CF4DB43122C301E100BDA3DC /* ViewController.m in Sources */ = {isa = PBXBuildFile; fileRef = CF4DB43022C301E100BDA3DC /* ViewController.m */; };
		CF4DB43622C301E200BDA3DC /* Assets.xcassets in Resources */ = {isa = PBXBuildFile; fileRef = CF4DB43522C301E200BDA3DC /* Assets.xcassets */; };
		CF4DB43C22C301E200BDA3DC /* main.m in Sources */ = {isa = PBXBuildFile; fileRef = CF4DB43B22C301E200BDA3DC /* main.m */; };
		CF4DB49622C3023B00BDA3DC /* ZSSRichTextEditor.js in Resources */ = {isa = PBXBuildFile; fileRef = CF4DB44322C3023A00BDA3DC /* ZSSRichTextEditor.js */; };
		CF4DB49722C3023B00BDA3DC /* KWEditorBar.xib in Resources */ = {isa = PBXBuildFile; fileRef = CF4DB44822C3023A00BDA3DC /* KWEditorBar.xib */; };
		CF4DB49822C3023B00BDA3DC /* KWFontStyleBar.m in Sources */ = {isa = PBXBuildFile; fileRef = CF4DB44922C3023A00BDA3DC /* KWFontStyleBar.m */; };
		CF4DB49922C3023B00BDA3DC /* KWEditorBar.m in Sources */ = {isa = PBXBuildFile; fileRef = CF4DB44A22C3023A00BDA3DC /* KWEditorBar.m */; };
		CF4DB49A22C3023B00BDA3DC /* editor.html in Resources */ = {isa = PBXBuildFile; fileRef = CF4DB44B22C3023A00BDA3DC /* editor.html */; };
		CF4DB49B22C3023B00BDA3DC /* Aashover@2x.png in Resources */ = {isa = PBXBuildFile; fileRef = CF4DB44D22C3023A00BDA3DC /* Aashover@2x.png */; };
		CF4DB49C22C3023B00BDA3DC /* Aalhover@2x.png in Resources */ = {isa = PBXBuildFile; fileRef = CF4DB44E22C3023A00BDA3DC /* Aalhover@2x.png */; };
		CF4DB49D22C3023B00BDA3DC /* wuxuliebiao@2x.png in Resources */ = {isa = PBXBuildFile; fileRef = CF4DB44F22C3023A00BDA3DC /* wuxuliebiao@2x.png */; };
		CF4DB49E22C3023B00BDA3DC /* ziti_hover@2x.png in Resources */ = {isa = PBXBuildFile; fileRef = CF4DB45022C3023A00BDA3DC /* ziti_hover@2x.png */; };
		CF4DB49F22C3023B00BDA3DC /* lianjie@3x.png in Resources */ = {isa = PBXBuildFile; fileRef = CF4DB45122C3023A00BDA3DC /* lianjie@3x.png */; };
		CF4DB4A022C3023B00BDA3DC /* Aam@2x.png in Resources */ = {isa = PBXBuildFile; fileRef = CF4DB45222C3023A00BDA3DC /* Aam@2x.png */; };
		CF4DB4A122C3023B00BDA3DC /* jianpanxia@3x.png in Resources */ = {isa = PBXBuildFile; fileRef = CF4DB45322C3023A00BDA3DC /* jianpanxia@3x.png */; };
		CF4DB4A222C3023B00BDA3DC /* zhong@3x.png in Resources */ = {isa = PBXBuildFile; fileRef = CF4DB45422C3023A00BDA3DC /* zhong@3x.png */; };
		CF4DB4A322C3023B00BDA3DC /* I@2x.png in Resources */ = {isa = PBXBuildFile; fileRef = CF4DB45522C3023A00BDA3DC /* I@2x.png */; };
		CF4DB4A422C3023B00BDA3DC /* I@3x.png in Resources */ = {isa = PBXBuildFile; fileRef = CF4DB45622C3023A00BDA3DC /* I@3x.png */; };
		CF4DB4A522C3023B00BDA3DC /* zhong@2x.png in Resources */ = {isa = PBXBuildFile; fileRef = CF4DB45722C3023A00BDA3DC /* zhong@2x.png */; };
		CF4DB4A622C3023B00BDA3DC /* Aam@3x.png in Resources */ = {isa = PBXBuildFile; fileRef = CF4DB45822C3023A00BDA3DC /* Aam@3x.png */; };
		CF4DB4A722C3023B00BDA3DC /* jianpanxia@2x.png in Resources */ = {isa = PBXBuildFile; fileRef = CF4DB45922C3023A00BDA3DC /* jianpanxia@2x.png */; };
		CF4DB4A822C3023B00BDA3DC /* lianjie@2x.png in Resources */ = {isa = PBXBuildFile; fileRef = CF4DB45A22C3023A00BDA3DC /* lianjie@2x.png */; };
		CF4DB4A922C3023B00BDA3DC /* ziti_hover@3x.png in Resources */ = {isa = PBXBuildFile; fileRef = CF4DB45B22C3023A00BDA3DC /* ziti_hover@3x.png */; };
		CF4DB4AA22C3023B00BDA3DC /* wuxuliebiao@3x.png in Resources */ = {isa = PBXBuildFile; fileRef = CF4DB45C22C3023A00BDA3DC /* wuxuliebiao@3x.png */; };
		CF4DB4AB22C3023B00BDA3DC /* Aalhover@3x.png in Resources */ = {isa = PBXBuildFile; fileRef = CF4DB45D22C3023A00BDA3DC /* Aalhover@3x.png */; };
		CF4DB4AC22C3023B00BDA3DC /* u@3x.png in Resources */ = {isa = PBXBuildFile; fileRef = CF4DB45E22C3023A00BDA3DC /* u@3x.png */; };
		CF4DB4AD22C3023B00BDA3DC /* chongzuo@2x.png in Resources */ = {isa = PBXBuildFile; fileRef = CF4DB45F22C3023A00BDA3DC /* chongzuo@2x.png */; };
		CF4DB4AE22C3023B00BDA3DC /* suojin@3x.png in Resources */ = {isa = PBXBuildFile; fileRef = CF4DB46022C3023A00BDA3DC /* suojin@3x.png */; };
		CF4DB4AF22C3023B00BDA3DC /* Aas@2x.png in Resources */ = {isa = PBXBuildFile; fileRef = CF4DB46122C3023A00BDA3DC /* Aas@2x.png */; };
		CF4DB4B022C3023B00BDA3DC /* BHOVER@3x.png in Resources */ = {isa = PBXBuildFile; fileRef = CF4DB46222C3023A00BDA3DC /* BHOVER@3x.png */; };
		CF4DB4B122C3023B00BDA3DC /* tupian@3x.png in Resources */ = {isa = PBXBuildFile; fileRef = CF4DB46322C3023B00BDA3DC /* tupian@3x.png */; };
		CF4DB4B222C3023B00BDA3DC /* tool_tab@3x.png in Resources */ = {isa = PBXBuildFile; fileRef = CF4DB46422C3023B00BDA3DC /* tool_tab@3x.png */; };
		CF4DB4B322C3023B00BDA3DC /* tool_tab@2x.png in Resources */ = {isa = PBXBuildFile; fileRef = CF4DB46522C3023B00BDA3DC /* tool_tab@2x.png */; };
		CF4DB4B422C3023B00BDA3DC /* tupian@2x.png in Resources */ = {isa = PBXBuildFile; fileRef = CF4DB46622C3023B00BDA3DC /* tupian@2x.png */; };
		CF4DB4B522C3023B00BDA3DC /* BHOVER@2x.png in Resources */ = {isa = PBXBuildFile; fileRef = CF4DB46722C3023B00BDA3DC /* BHOVER@2x.png */; };
		CF4DB4B622C3023B00BDA3DC /* Aas@3x.png in Resources */ = {isa = PBXBuildFile; fileRef = CF4DB46822C3023B00BDA3DC /* Aas@3x.png */; };
		CF4DB4B722C3023B00BDA3DC /* suojin@2x.png in Resources */ = {isa = PBXBuildFile; fileRef = CF4DB46922C3023B00BDA3DC /* suojin@2x.png */; };
		CF4DB4B822C3023B00BDA3DC /* chongzuo@3x.png in Resources */ = {isa = PBXBuildFile; fileRef = CF4DB46A22C3023B00BDA3DC /* chongzuo@3x.png */; };
		CF4DB4B922C3023B00BDA3DC /* u@2x.png in Resources */ = {isa = PBXBuildFile; fileRef = CF4DB46B22C3023B00BDA3DC /* u@2x.png */; };
		CF4DB4BA22C3023B00BDA3DC /* Aal@2x.png in Resources */ = {isa = PBXBuildFile; fileRef = CF4DB46C22C3023B00BDA3DC /* Aal@2x.png */; };
		CF4DB4BB22C3023B00BDA3DC /* Aamhover@3x.png in Resources */ = {isa = PBXBuildFile; fileRef = CF4DB46D22C3023B00BDA3DC /* Aamhover@3x.png */; };
		CF4DB4BC22C3023B00BDA3DC /* excsuojin@2x.png in Resources */ = {isa = PBXBuildFile; fileRef = CF4DB46E22C3023B00BDA3DC /* excsuojin@2x.png */; };
		CF4DB4BD22C3023B00BDA3DC /* jianpanshang@3x.png in Resources */ = {isa = PBXBuildFile; fileRef = CF4DB46F22C3023B00BDA3DC /* jianpanshang@3x.png */; };
		CF4DB4BE22C3023B00BDA3DC /* icon_right@2x.png in Resources */ = {isa = PBXBuildFile; fileRef = CF4DB47022C3023B00BDA3DC /* icon_right@2x.png */; };
		CF4DB4BF22C3023B00BDA3DC /* icon_left@2x.png in Resources */ = {isa = PBXBuildFile; fileRef = CF4DB47122C3023B00BDA3DC /* icon_left@2x.png */; };
		CF4DB4C022C3023B00BDA3DC /* chexiao@2x.png in Resources */ = {isa = PBXBuildFile; fileRef = CF4DB47222C3023B00BDA3DC /* chexiao@2x.png */; };
		CF4DB4C122C3023B00BDA3DC /* IHOVER@3x.png in Resources */ = {isa = PBXBuildFile; fileRef = CF4DB47322C3023B00BDA3DC /* IHOVER@3x.png */; };
		CF4DB4C222C3023B00BDA3DC /* IHOVER@2x.png in Resources */ = {isa = PBXBuildFile; fileRef = CF4DB47422C3023B00BDA3DC /* IHOVER@2x.png */; };
		CF4DB4C322C3023B00BDA3DC /* chexiao@3x.png in Resources */ = {isa = PBXBuildFile; fileRef = CF4DB47522C3023B00BDA3DC /* chexiao@3x.png */; };
		CF4DB4C422C3023B00BDA3DC /* Aashover @3x.png in Resources */ = {isa = PBXBuildFile; fileRef = CF4DB47622C3023B00BDA3DC /* Aashover @3x.png */; };
		CF4DB4C522C3023B00BDA3DC /* icon_left@3x.png in Resources */ = {isa = PBXBuildFile; fileRef = CF4DB47722C3023B00BDA3DC /* icon_left@3x.png */; };
		CF4DB4C622C3023B00BDA3DC /* icon_right@3x.png in Resources */ = {isa = PBXBuildFile; fileRef = CF4DB47822C3023B00BDA3DC /* icon_right@3x.png */; };
		CF4DB4C722C3023B00BDA3DC /* jianpanshang@2x.png in Resources */ = {isa = PBXBuildFile; fileRef = CF4DB47922C3023B00BDA3DC /* jianpanshang@2x.png */; };
		CF4DB4C822C3023B00BDA3DC /* excsuojin@3x.png in Resources */ = {isa = PBXBuildFile; fileRef = CF4DB47A22C3023B00BDA3DC /* excsuojin@3x.png */; };
		CF4DB4C922C3023B00BDA3DC /* Aamhover@2x.png in Resources */ = {isa = PBXBuildFile; fileRef = CF4DB47B22C3023B00BDA3DC /* Aamhover@2x.png */; };
		CF4DB4CA22C3023B00BDA3DC /* Aal@3x.png in Resources */ = {isa = PBXBuildFile; fileRef = CF4DB47C22C3023B00BDA3DC /* Aal@3x.png */; };
		CF4DB4CB22C3023B00BDA3DC /* ziti@3x.png in Resources */ = {isa = PBXBuildFile; fileRef = CF4DB47D22C3023B00BDA3DC /* ziti@3x.png */; };
		CF4DB4CC22C3023B00BDA3DC /* you@2x.png in Resources */ = {isa = PBXBuildFile; fileRef = CF4DB47E22C3023B00BDA3DC /* you@2x.png */; };
		CF4DB4CD22C3023B00BDA3DC /* zuo@3x.png in Resources */ = {isa = PBXBuildFile; fileRef = CF4DB47F22C3023B00BDA3DC /* zuo@3x.png */; };
		CF4DB4CE22C3023B00BDA3DC /* uHOVER@2x.png in Resources */ = {isa = PBXBuildFile; fileRef = CF4DB48022C3023B00BDA3DC /* uHOVER@2x.png */; };
		CF4DB4CF22C3023B00BDA3DC /* B@2x.png in Resources */ = {isa = PBXBuildFile; fileRef = CF4DB48122C3023B00BDA3DC /* B@2x.png */; };
		CF4DB4D022C3023B00BDA3DC /* wuxuliebiaohover@3x.png in Resources */ = {isa = PBXBuildFile; fileRef = CF4DB48222C3023B00BDA3DC /* wuxuliebiaohover@3x.png */; };
		CF4DB4D122C3023B00BDA3DC /* wuxuliebiaohover@2x.png in Resources */ = {isa = PBXBuildFile; fileRef = CF4DB48322C3023B00BDA3DC /* wuxuliebiaohover@2x.png */; };
		CF4DB4D222C3023B00BDA3DC /* B@3x.png in Resources */ = {isa = PBXBuildFile; fileRef = CF4DB48422C3023B00BDA3DC /* B@3x.png */; };
		CF4DB4D322C3023B00BDA3DC /* cellRightArrow.png in Resources */ = {isa = PBXBuildFile; fileRef = CF4DB48522C3023B00BDA3DC /* cellRightArrow.png */; };
		CF4DB4D422C3023B00BDA3DC /* uHOVER@3x.png in Resources */ = {isa = PBXBuildFile; fileRef = CF4DB48622C3023B00BDA3DC /* uHOVER@3x.png */; };
		CF4DB4D522C3023B00BDA3DC /* zuo@2x.png in Resources */ = {isa = PBXBuildFile; fileRef = CF4DB48722C3023B00BDA3DC /* zuo@2x.png */; };
		CF4DB4D622C3023B00BDA3DC /* you@3x.png in Resources */ = {isa = PBXBuildFile; fileRef = CF4DB48822C3023B00BDA3DC /* you@3x.png */; };
		CF4DB4D722C3023B00BDA3DC /* ziti@2x.png in Resources */ = {isa = PBXBuildFile; fileRef = CF4DB48922C3023B00BDA3DC /* ziti@2x.png */; };
		CF4DB4D822C3023B00BDA3DC /* ZSSRichTextEditor.m in Sources */ = {isa = PBXBuildFile; fileRef = CF4DB48A22C3023B00BDA3DC /* ZSSRichTextEditor.m */; };
		CF4DB4D922C3023B00BDA3DC /* UIWebView+VJJSTool.m in Sources */ = {isa = PBXBuildFile; fileRef = CF4DB48C22C3023B00BDA3DC /* UIWebView+VJJSTool.m */; };
		CF4DB4DA22C3023B00BDA3DC /* UIWebView+HackishAccessoryHiding.m in Sources */ = {isa = PBXBuildFile; fileRef = CF4DB48E22C3023B00BDA3DC /* UIWebView+HackishAccessoryHiding.m */; };
		CF4DB4DB22C3023B00BDA3DC /* NSString+VJUUID.m in Sources */ = {isa = PBXBuildFile; fileRef = CF4DB48F22C3023B00BDA3DC /* NSString+VJUUID.m */; };
		CF4DB4DC22C3023B00BDA3DC /* UIControl+KWButtonExtension.m in Sources */ = {isa = PBXBuildFile; fileRef = CF4DB49222C3023B00BDA3DC /* UIControl+KWButtonExtension.m */; };
		CF4DB4DD22C3023B00BDA3DC /* JSBeautifier.js in Resources */ = {isa = PBXBuildFile; fileRef = CF4DB49422C3023B00BDA3DC /* JSBeautifier.js */; };
		CF4DB4DE22C3023B00BDA3DC /* jQuery.js in Resources */ = {isa = PBXBuildFile; fileRef = CF4DB49522C3023B00BDA3DC /* jQuery.js */; };
		CF4DB4E122C3029F00BDA3DC /* RichTextEditorDemo.m in Sources */ = {isa = PBXBuildFile; fileRef = CF4DB4E022C3029F00BDA3DC /* RichTextEditorDemo.m */; };
		CF4DB4E322C3041B00BDA3DC /* LaunchScreen.storyboard in Resources */ = {isa = PBXBuildFile; fileRef = CF4DB4E222C3041A00BDA3DC /* LaunchScreen.storyboard */; };
/* End PBXBuildFile section */

/* Begin PBXFileReference section */
		CF4DB42922C301E100BDA3DC /* VJRichTextEditor.app */ = {isa = PBXFileReference; explicitFileType = wrapper.application; includeInIndex = 0; path = VJRichTextEditor.app; sourceTree = BUILT_PRODUCTS_DIR; };
		CF4DB42C22C301E100BDA3DC /* AppDelegate.h */ = {isa = PBXFileReference; lastKnownFileType = sourcecode.c.h; path = AppDelegate.h; sourceTree = "<group>"; };
		CF4DB42D22C301E100BDA3DC /* AppDelegate.m */ = {isa = PBXFileReference; lastKnownFileType = sourcecode.c.objc; path = AppDelegate.m; sourceTree = "<group>"; };
		CF4DB42F22C301E100BDA3DC /* ViewController.h */ = {isa = PBXFileReference; lastKnownFileType = sourcecode.c.h; path = ViewController.h; sourceTree = "<group>"; };
		CF4DB43022C301E100BDA3DC /* ViewController.m */ = {isa = PBXFileReference; lastKnownFileType = sourcecode.c.objc; path = ViewController.m; sourceTree = "<group>"; };
		CF4DB43522C301E200BDA3DC /* Assets.xcassets */ = {isa = PBXFileReference; lastKnownFileType = folder.assetcatalog; path = Assets.xcassets; sourceTree = "<group>"; };
		CF4DB43A22C301E200BDA3DC /* Info.plist */ = {isa = PBXFileReference; lastKnownFileType = text.plist.xml; path = Info.plist; sourceTree = "<group>"; };
		CF4DB43B22C301E200BDA3DC /* main.m */ = {isa = PBXFileReference; lastKnownFileType = sourcecode.c.objc; path = main.m; sourceTree = "<group>"; };
		CF4DB44322C3023A00BDA3DC /* ZSSRichTextEditor.js */ = {isa = PBXFileReference; fileEncoding = 4; lastKnownFileType = sourcecode.javascript; path = ZSSRichTextEditor.js; sourceTree = "<group>"; };
		CF4DB44422C3023A00BDA3DC /* ZSSRichTextEditor.h */ = {isa = PBXFileReference; fileEncoding = 4; lastKnownFileType = sourcecode.c.h; path = ZSSRichTextEditor.h; sourceTree = "<group>"; };
		CF4DB44622C3023A00BDA3DC /* KWFontStyleBar.h */ = {isa = PBXFileReference; fileEncoding = 4; lastKnownFileType = sourcecode.c.h; path = KWFontStyleBar.h; sourceTree = "<group>"; };
		CF4DB44722C3023A00BDA3DC /* KWEditorBar.h */ = {isa = PBXFileReference; fileEncoding = 4; lastKnownFileType = sourcecode.c.h; path = KWEditorBar.h; sourceTree = "<group>"; };
		CF4DB44822C3023A00BDA3DC /* KWEditorBar.xib */ = {isa = PBXFileReference; fileEncoding = 4; lastKnownFileType = file.xib; path = KWEditorBar.xib; sourceTree = "<group>"; };
		CF4DB44922C3023A00BDA3DC /* KWFontStyleBar.m */ = {isa = PBXFileReference; fileEncoding = 4; lastKnownFileType = sourcecode.c.objc; path = KWFontStyleBar.m; sourceTree = "<group>"; };
		CF4DB44A22C3023A00BDA3DC /* KWEditorBar.m */ = {isa = PBXFileReference; fileEncoding = 4; lastKnownFileType = sourcecode.c.objc; path = KWEditorBar.m; sourceTree = "<group>"; };
		CF4DB44B22C3023A00BDA3DC /* editor.html */ = {isa = PBXFileReference; fileEncoding = 4; lastKnownFileType = text.html; path = editor.html; sourceTree = "<group>"; };
		CF4DB44D22C3023A00BDA3DC /* Aashover@2x.png */ = {isa = PBXFileReference; lastKnownFileType = image.png; path = "Aashover@2x.png"; sourceTree = "<group>"; };
		CF4DB44E22C3023A00BDA3DC /* Aalhover@2x.png */ = {isa = PBXFileReference; lastKnownFileType = image.png; path = "Aalhover@2x.png"; sourceTree = "<group>"; };
		CF4DB44F22C3023A00BDA3DC /* wuxuliebiao@2x.png */ = {isa = PBXFileReference; lastKnownFileType = image.png; path = "wuxuliebiao@2x.png"; sourceTree = "<group>"; };
		CF4DB45022C3023A00BDA3DC /* ziti_hover@2x.png */ = {isa = PBXFileReference; lastKnownFileType = image.png; path = "ziti_hover@2x.png"; sourceTree = "<group>"; };
		CF4DB45122C3023A00BDA3DC /* lianjie@3x.png */ = {isa = PBXFileReference; lastKnownFileType = image.png; path = "lianjie@3x.png"; sourceTree = "<group>"; };
		CF4DB45222C3023A00BDA3DC /* Aam@2x.png */ = {isa = PBXFileReference; lastKnownFileType = image.png; path = "Aam@2x.png"; sourceTree = "<group>"; };
		CF4DB45322C3023A00BDA3DC /* jianpanxia@3x.png */ = {isa = PBXFileReference; lastKnownFileType = image.png; path = "jianpanxia@3x.png"; sourceTree = "<group>"; };
		CF4DB45422C3023A00BDA3DC /* zhong@3x.png */ = {isa = PBXFileReference; lastKnownFileType = image.png; path = "zhong@3x.png"; sourceTree = "<group>"; };
		CF4DB45522C3023A00BDA3DC /* I@2x.png */ = {isa = PBXFileReference; lastKnownFileType = image.png; path = "I@2x.png"; sourceTree = "<group>"; };
		CF4DB45622C3023A00BDA3DC /* I@3x.png */ = {isa = PBXFileReference; lastKnownFileType = image.png; path = "I@3x.png"; sourceTree = "<group>"; };
		CF4DB45722C3023A00BDA3DC /* zhong@2x.png */ = {isa = PBXFileReference; lastKnownFileType = image.png; path = "zhong@2x.png"; sourceTree = "<group>"; };
		CF4DB45822C3023A00BDA3DC /* Aam@3x.png */ = {isa = PBXFileReference; lastKnownFileType = image.png; path = "Aam@3x.png"; sourceTree = "<group>"; };
		CF4DB45922C3023A00BDA3DC /* jianpanxia@2x.png */ = {isa = PBXFileReference; lastKnownFileType = image.png; path = "jianpanxia@2x.png"; sourceTree = "<group>"; };
		CF4DB45A22C3023A00BDA3DC /* lianjie@2x.png */ = {isa = PBXFileReference; lastKnownFileType = image.png; path = "lianjie@2x.png"; sourceTree = "<group>"; };
		CF4DB45B22C3023A00BDA3DC /* ziti_hover@3x.png */ = {isa = PBXFileReference; lastKnownFileType = image.png; path = "ziti_hover@3x.png"; sourceTree = "<group>"; };
		CF4DB45C22C3023A00BDA3DC /* wuxuliebiao@3x.png */ = {isa = PBXFileReference; lastKnownFileType = image.png; path = "wuxuliebiao@3x.png"; sourceTree = "<group>"; };
		CF4DB45D22C3023A00BDA3DC /* Aalhover@3x.png */ = {isa = PBXFileReference; lastKnownFileType = image.png; path = "Aalhover@3x.png"; sourceTree = "<group>"; };
		CF4DB45E22C3023A00BDA3DC /* u@3x.png */ = {isa = PBXFileReference; lastKnownFileType = image.png; path = "u@3x.png"; sourceTree = "<group>"; };
		CF4DB45F22C3023A00BDA3DC /* chongzuo@2x.png */ = {isa = PBXFileReference; lastKnownFileType = image.png; path = "chongzuo@2x.png"; sourceTree = "<group>"; };
		CF4DB46022C3023A00BDA3DC /* suojin@3x.png */ = {isa = PBXFileReference; lastKnownFileType = image.png; path = "suojin@3x.png"; sourceTree = "<group>"; };
		CF4DB46122C3023A00BDA3DC /* Aas@2x.png */ = {isa = PBXFileReference; lastKnownFileType = image.png; path = "Aas@2x.png"; sourceTree = "<group>"; };
		CF4DB46222C3023A00BDA3DC /* BHOVER@3x.png */ = {isa = PBXFileReference; lastKnownFileType = image.png; path = "BHOVER@3x.png"; sourceTree = "<group>"; };
		CF4DB46322C3023B00BDA3DC /* tupian@3x.png */ = {isa = PBXFileReference; lastKnownFileType = image.png; path = "tupian@3x.png"; sourceTree = "<group>"; };
		CF4DB46422C3023B00BDA3DC /* tool_tab@3x.png */ = {isa = PBXFileReference; lastKnownFileType = image.png; path = "tool_tab@3x.png"; sourceTree = "<group>"; };
		CF4DB46522C3023B00BDA3DC /* tool_tab@2x.png */ = {isa = PBXFileReference; lastKnownFileType = image.png; path = "tool_tab@2x.png"; sourceTree = "<group>"; };
		CF4DB46622C3023B00BDA3DC /* tupian@2x.png */ = {isa = PBXFileReference; lastKnownFileType = image.png; path = "tupian@2x.png"; sourceTree = "<group>"; };
		CF4DB46722C3023B00BDA3DC /* BHOVER@2x.png */ = {isa = PBXFileReference; lastKnownFileType = image.png; path = "BHOVER@2x.png"; sourceTree = "<group>"; };
		CF4DB46822C3023B00BDA3DC /* Aas@3x.png */ = {isa = PBXFileReference; lastKnownFileType = image.png; path = "Aas@3x.png"; sourceTree = "<group>"; };
		CF4DB46922C3023B00BDA3DC /* suojin@2x.png */ = {isa = PBXFileReference; lastKnownFileType = image.png; path = "suojin@2x.png"; sourceTree = "<group>"; };
		CF4DB46A22C3023B00BDA3DC /* chongzuo@3x.png */ = {isa = PBXFileReference; lastKnownFileType = image.png; path = "chongzuo@3x.png"; sourceTree = "<group>"; };
		CF4DB46B22C3023B00BDA3DC /* u@2x.png */ = {isa = PBXFileReference; lastKnownFileType = image.png; path = "u@2x.png"; sourceTree = "<group>"; };
		CF4DB46C22C3023B00BDA3DC /* Aal@2x.png */ = {isa = PBXFileReference; lastKnownFileType = image.png; path = "Aal@2x.png"; sourceTree = "<group>"; };
		CF4DB46D22C3023B00BDA3DC /* Aamhover@3x.png */ = {isa = PBXFileReference; lastKnownFileType = image.png; path = "Aamhover@3x.png"; sourceTree = "<group>"; };
		CF4DB46E22C3023B00BDA3DC /* excsuojin@2x.png */ = {isa = PBXFileReference; lastKnownFileType = image.png; path = "excsuojin@2x.png"; sourceTree = "<group>"; };
		CF4DB46F22C3023B00BDA3DC /* jianpanshang@3x.png */ = {isa = PBXFileReference; lastKnownFileType = image.png; path = "jianpanshang@3x.png"; sourceTree = "<group>"; };
		CF4DB47022C3023B00BDA3DC /* icon_right@2x.png */ = {isa = PBXFileReference; lastKnownFileType = image.png; path = "icon_right@2x.png"; sourceTree = "<group>"; };
		CF4DB47122C3023B00BDA3DC /* icon_left@2x.png */ = {isa = PBXFileReference; lastKnownFileType = image.png; path = "icon_left@2x.png"; sourceTree = "<group>"; };
		CF4DB47222C3023B00BDA3DC /* chexiao@2x.png */ = {isa = PBXFileReference; lastKnownFileType = image.png; path = "chexiao@2x.png"; sourceTree = "<group>"; };
		CF4DB47322C3023B00BDA3DC /* IHOVER@3x.png */ = {isa = PBXFileReference; lastKnownFileType = image.png; path = "IHOVER@3x.png"; sourceTree = "<group>"; };
		CF4DB47422C3023B00BDA3DC /* IHOVER@2x.png */ = {isa = PBXFileReference; lastKnownFileType = image.png; path = "IHOVER@2x.png"; sourceTree = "<group>"; };
		CF4DB47522C3023B00BDA3DC /* chexiao@3x.png */ = {isa = PBXFileReference; lastKnownFileType = image.png; path = "chexiao@3x.png"; sourceTree = "<group>"; };
		CF4DB47622C3023B00BDA3DC /* Aashover @3x.png */ = {isa = PBXFileReference; lastKnownFileType = image.png; path = "Aashover @3x.png"; sourceTree = "<group>"; };
		CF4DB47722C3023B00BDA3DC /* icon_left@3x.png */ = {isa = PBXFileReference; lastKnownFileType = image.png; path = "icon_left@3x.png"; sourceTree = "<group>"; };
		CF4DB47822C3023B00BDA3DC /* icon_right@3x.png */ = {isa = PBXFileReference; lastKnownFileType = image.png; path = "icon_right@3x.png"; sourceTree = "<group>"; };
		CF4DB47922C3023B00BDA3DC /* jianpanshang@2x.png */ = {isa = PBXFileReference; lastKnownFileType = image.png; path = "jianpanshang@2x.png"; sourceTree = "<group>"; };
		CF4DB47A22C3023B00BDA3DC /* excsuojin@3x.png */ = {isa = PBXFileReference; lastKnownFileType = image.png; path = "excsuojin@3x.png"; sourceTree = "<group>"; };
		CF4DB47B22C3023B00BDA3DC /* Aamhover@2x.png */ = {isa = PBXFileReference; lastKnownFileType = image.png; path = "Aamhover@2x.png"; sourceTree = "<group>"; };
		CF4DB47C22C3023B00BDA3DC /* Aal@3x.png */ = {isa = PBXFileReference; lastKnownFileType = image.png; path = "Aal@3x.png"; sourceTree = "<group>"; };
		CF4DB47D22C3023B00BDA3DC /* ziti@3x.png */ = {isa = PBXFileReference; lastKnownFileType = image.png; path = "ziti@3x.png"; sourceTree = "<group>"; };
		CF4DB47E22C3023B00BDA3DC /* you@2x.png */ = {isa = PBXFileReference; lastKnownFileType = image.png; path = "you@2x.png"; sourceTree = "<group>"; };
		CF4DB47F22C3023B00BDA3DC /* zuo@3x.png */ = {isa = PBXFileReference; lastKnownFileType = image.png; path = "zuo@3x.png"; sourceTree = "<group>"; };
		CF4DB48022C3023B00BDA3DC /* uHOVER@2x.png */ = {isa = PBXFileReference; lastKnownFileType = image.png; path = "uHOVER@2x.png"; sourceTree = "<group>"; };
		CF4DB48122C3023B00BDA3DC /* B@2x.png */ = {isa = PBXFileReference; lastKnownFileType = image.png; path = "B@2x.png"; sourceTree = "<group>"; };
		CF4DB48222C3023B00BDA3DC /* wuxuliebiaohover@3x.png */ = {isa = PBXFileReference; lastKnownFileType = image.png; path = "wuxuliebiaohover@3x.png"; sourceTree = "<group>"; };
		CF4DB48322C3023B00BDA3DC /* wuxuliebiaohover@2x.png */ = {isa = PBXFileReference; lastKnownFileType = image.png; path = "wuxuliebiaohover@2x.png"; sourceTree = "<group>"; };
		CF4DB48422C3023B00BDA3DC /* B@3x.png */ = {isa = PBXFileReference; lastKnownFileType = image.png; path = "B@3x.png"; sourceTree = "<group>"; };
		CF4DB48522C3023B00BDA3DC /* cellRightArrow.png */ = {isa = PBXFileReference; lastKnownFileType = image.png; path = cellRightArrow.png; sourceTree = "<group>"; };
		CF4DB48622C3023B00BDA3DC /* uHOVER@3x.png */ = {isa = PBXFileReference; lastKnownFileType = image.png; path = "uHOVER@3x.png"; sourceTree = "<group>"; };
		CF4DB48722C3023B00BDA3DC /* zuo@2x.png */ = {isa = PBXFileReference; lastKnownFileType = image.png; path = "zuo@2x.png"; sourceTree = "<group>"; };
		CF4DB48822C3023B00BDA3DC /* you@3x.png */ = {isa = PBXFileReference; lastKnownFileType = image.png; path = "you@3x.png"; sourceTree = "<group>"; };
		CF4DB48922C3023B00BDA3DC /* ziti@2x.png */ = {isa = PBXFileReference; lastKnownFileType = image.png; path = "ziti@2x.png"; sourceTree = "<group>"; };
		CF4DB48A22C3023B00BDA3DC /* ZSSRichTextEditor.m */ = {isa = PBXFileReference; fileEncoding = 4; lastKnownFileType = sourcecode.c.objc; path = ZSSRichTextEditor.m; sourceTree = "<group>"; };
		CF4DB48C22C3023B00BDA3DC /* UIWebView+VJJSTool.m */ = {isa = PBXFileReference; fileEncoding = 4; lastKnownFileType = sourcecode.c.objc; path = "UIWebView+VJJSTool.m"; sourceTree = "<group>"; };
		CF4DB48D22C3023B00BDA3DC /* UIControl+KWButtonExtension.h */ = {isa = PBXFileReference; fileEncoding = 4; lastKnownFileType = sourcecode.c.h; path = "UIControl+KWButtonExtension.h"; sourceTree = "<group>"; };
		CF4DB48E22C3023B00BDA3DC /* UIWebView+HackishAccessoryHiding.m */ = {isa = PBXFileReference; fileEncoding = 4; lastKnownFileType = sourcecode.c.objc; path = "UIWebView+HackishAccessoryHiding.m"; sourceTree = "<group>"; };
		CF4DB48F22C3023B00BDA3DC /* NSString+VJUUID.m */ = {isa = PBXFileReference; fileEncoding = 4; lastKnownFileType = sourcecode.c.objc; path = "NSString+VJUUID.m"; sourceTree = "<group>"; };
		CF4DB49022C3023B00BDA3DC /* UIWebView+VJJSTool.h */ = {isa = PBXFileReference; fileEncoding = 4; lastKnownFileType = sourcecode.c.h; path = "UIWebView+VJJSTool.h"; sourceTree = "<group>"; };
		CF4DB49122C3023B00BDA3DC /* UIWebView+HackishAccessoryHiding.h */ = {isa = PBXFileReference; fileEncoding = 4; lastKnownFileType = sourcecode.c.h; path = "UIWebView+HackishAccessoryHiding.h"; sourceTree = "<group>"; };
		CF4DB49222C3023B00BDA3DC /* UIControl+KWButtonExtension.m */ = {isa = PBXFileReference; fileEncoding = 4; lastKnownFileType = sourcecode.c.objc; path = "UIControl+KWButtonExtension.m"; sourceTree = "<group>"; };
		CF4DB49322C3023B00BDA3DC /* NSString+VJUUID.h */ = {isa = PBXFileReference; fileEncoding = 4; lastKnownFileType = sourcecode.c.h; path = "NSString+VJUUID.h"; sourceTree = "<group>"; };
		CF4DB49422C3023B00BDA3DC /* JSBeautifier.js */ = {isa = PBXFileReference; fileEncoding = 4; lastKnownFileType = sourcecode.javascript; path = JSBeautifier.js; sourceTree = "<group>"; };
		CF4DB49522C3023B00BDA3DC /* jQuery.js */ = {isa = PBXFileReference; fileEncoding = 4; lastKnownFileType = sourcecode.javascript; path = jQuery.js; sourceTree = "<group>"; };
		CF4DB4DF22C3029F00BDA3DC /* RichTextEditorDemo.h */ = {isa = PBXFileReference; lastKnownFileType = sourcecode.c.h; path = RichTextEditorDemo.h; sourceTree = "<group>"; };
		CF4DB4E022C3029F00BDA3DC /* RichTextEditorDemo.m */ = {isa = PBXFileReference; lastKnownFileType = sourcecode.c.objc; path = RichTextEditorDemo.m; sourceTree = "<group>"; };
		CF4DB4E222C3041A00BDA3DC /* LaunchScreen.storyboard */ = {isa = PBXFileReference; fileEncoding = 4; lastKnownFileType = file.storyboard; path = LaunchScreen.storyboard; sourceTree = "<group>"; };
/* End PBXFileReference section */

/* Begin PBXFrameworksBuildPhase section */
		CF4DB42622C301E100BDA3DC /* Frameworks */ = {
			isa = PBXFrameworksBuildPhase;
			buildActionMask = 2147483647;
			files = (
			);
			runOnlyForDeploymentPostprocessing = 0;
		};
/* End PBXFrameworksBuildPhase section */

/* Begin PBXGroup section */
		CF4DB42022C301E100BDA3DC = {
			isa = PBXGroup;
			children = (
				CF4DB42B22C301E100BDA3DC /* VJRichTextEditor */,
				CF4DB42A22C301E100BDA3DC /* Products */,
			);
			sourceTree = "<group>";
		};
		CF4DB42A22C301E100BDA3DC /* Products */ = {
			isa = PBXGroup;
			children = (
				CF4DB42922C301E100BDA3DC /* VJRichTextEditor.app */,
			);
			name = Products;
			sourceTree = "<group>";
		};
		CF4DB42B22C301E100BDA3DC /* VJRichTextEditor */ = {
			isa = PBXGroup;
			children = (
				CF4DB44222C3023A00BDA3DC /* Source */,
				CF4DB42C22C301E100BDA3DC /* AppDelegate.h */,
				CF4DB42D22C301E100BDA3DC /* AppDelegate.m */,
				CF4DB42F22C301E100BDA3DC /* ViewController.h */,
				CF4DB43022C301E100BDA3DC /* ViewController.m */,
				CF4DB4DF22C3029F00BDA3DC /* RichTextEditorDemo.h */,
				CF4DB4E022C3029F00BDA3DC /* RichTextEditorDemo.m */,
				CF4DB43522C301E200BDA3DC /* Assets.xcassets */,
				CF4DB43A22C301E200BDA3DC /* Info.plist */,
				CF4DB43B22C301E200BDA3DC /* main.m */,
				CF4DB4E222C3041A00BDA3DC /* LaunchScreen.storyboard */,
			);
			path = VJRichTextEditor;
			sourceTree = "<group>";
		};
		CF4DB44222C3023A00BDA3DC /* Source */ = {
			isa = PBXGroup;
			children = (
				CF4DB44422C3023A00BDA3DC /* ZSSRichTextEditor.h */,
				CF4DB48A22C3023B00BDA3DC /* ZSSRichTextEditor.m */,
				CF4DB44322C3023A00BDA3DC /* ZSSRichTextEditor.js */,
				CF4DB44B22C3023A00BDA3DC /* editor.html */,
				CF4DB49422C3023B00BDA3DC /* JSBeautifier.js */,
				CF4DB49522C3023B00BDA3DC /* jQuery.js */,
				CF4DB48B22C3023B00BDA3DC /* VJCategory */,
				CF4DB44522C3023A00BDA3DC /* RichToolBar */,
				CF4DB44C22C3023A00BDA3DC /* image */,
			);
			path = Source;
			sourceTree = "<group>";
		};
		CF4DB44522C3023A00BDA3DC /* RichToolBar */ = {
			isa = PBXGroup;
			children = (
				CF4DB44722C3023A00BDA3DC /* KWEditorBar.h */,
				CF4DB44A22C3023A00BDA3DC /* KWEditorBar.m */,
				CF4DB44822C3023A00BDA3DC /* KWEditorBar.xib */,
				CF4DB44622C3023A00BDA3DC /* KWFontStyleBar.h */,
				CF4DB44922C3023A00BDA3DC /* KWFontStyleBar.m */,
			);
			path = RichToolBar;
			sourceTree = "<group>";
		};
		CF4DB44C22C3023A00BDA3DC /* image */ = {
			isa = PBXGroup;
			children = (
				CF4DB44D22C3023A00BDA3DC /* Aashover@2x.png */,
				CF4DB44E22C3023A00BDA3DC /* Aalhover@2x.png */,
				CF4DB44F22C3023A00BDA3DC /* wuxuliebiao@2x.png */,
				CF4DB45022C3023A00BDA3DC /* ziti_hover@2x.png */,
				CF4DB45122C3023A00BDA3DC /* lianjie@3x.png */,
				CF4DB45222C3023A00BDA3DC /* Aam@2x.png */,
				CF4DB45322C3023A00BDA3DC /* jianpanxia@3x.png */,
				CF4DB45422C3023A00BDA3DC /* zhong@3x.png */,
				CF4DB45522C3023A00BDA3DC /* I@2x.png */,
				CF4DB45622C3023A00BDA3DC /* I@3x.png */,
				CF4DB45722C3023A00BDA3DC /* zhong@2x.png */,
				CF4DB45822C3023A00BDA3DC /* Aam@3x.png */,
				CF4DB45922C3023A00BDA3DC /* jianpanxia@2x.png */,
				CF4DB45A22C3023A00BDA3DC /* lianjie@2x.png */,
				CF4DB45B22C3023A00BDA3DC /* ziti_hover@3x.png */,
				CF4DB45C22C3023A00BDA3DC /* wuxuliebiao@3x.png */,
				CF4DB45D22C3023A00BDA3DC /* Aalhover@3x.png */,
				CF4DB45E22C3023A00BDA3DC /* u@3x.png */,
				CF4DB45F22C3023A00BDA3DC /* chongzuo@2x.png */,
				CF4DB46022C3023A00BDA3DC /* suojin@3x.png */,
				CF4DB46122C3023A00BDA3DC /* Aas@2x.png */,
				CF4DB46222C3023A00BDA3DC /* BHOVER@3x.png */,
				CF4DB46322C3023B00BDA3DC /* tupian@3x.png */,
				CF4DB46422C3023B00BDA3DC /* tool_tab@3x.png */,
				CF4DB46522C3023B00BDA3DC /* tool_tab@2x.png */,
				CF4DB46622C3023B00BDA3DC /* tupian@2x.png */,
				CF4DB46722C3023B00BDA3DC /* BHOVER@2x.png */,
				CF4DB46822C3023B00BDA3DC /* Aas@3x.png */,
				CF4DB46922C3023B00BDA3DC /* suojin@2x.png */,
				CF4DB46A22C3023B00BDA3DC /* chongzuo@3x.png */,
				CF4DB46B22C3023B00BDA3DC /* u@2x.png */,
				CF4DB46C22C3023B00BDA3DC /* Aal@2x.png */,
				CF4DB46D22C3023B00BDA3DC /* Aamhover@3x.png */,
				CF4DB46E22C3023B00BDA3DC /* excsuojin@2x.png */,
				CF4DB46F22C3023B00BDA3DC /* jianpanshang@3x.png */,
				CF4DB47022C3023B00BDA3DC /* icon_right@2x.png */,
				CF4DB47122C3023B00BDA3DC /* icon_left@2x.png */,
				CF4DB47222C3023B00BDA3DC /* chexiao@2x.png */,
				CF4DB47322C3023B00BDA3DC /* IHOVER@3x.png */,
				CF4DB47422C3023B00BDA3DC /* IHOVER@2x.png */,
				CF4DB47522C3023B00BDA3DC /* chexiao@3x.png */,
				CF4DB47622C3023B00BDA3DC /* Aashover @3x.png */,
				CF4DB47722C3023B00BDA3DC /* icon_left@3x.png */,
				CF4DB47822C3023B00BDA3DC /* icon_right@3x.png */,
				CF4DB47922C3023B00BDA3DC /* jianpanshang@2x.png */,
				CF4DB47A22C3023B00BDA3DC /* excsuojin@3x.png */,
				CF4DB47B22C3023B00BDA3DC /* Aamhover@2x.png */,
				CF4DB47C22C3023B00BDA3DC /* Aal@3x.png */,
				CF4DB47D22C3023B00BDA3DC /* ziti@3x.png */,
				CF4DB47E22C3023B00BDA3DC /* you@2x.png */,
				CF4DB47F22C3023B00BDA3DC /* zuo@3x.png */,
				CF4DB48022C3023B00BDA3DC /* uHOVER@2x.png */,
				CF4DB48122C3023B00BDA3DC /* B@2x.png */,
				CF4DB48222C3023B00BDA3DC /* wuxuliebiaohover@3x.png */,
				CF4DB48322C3023B00BDA3DC /* wuxuliebiaohover@2x.png */,
				CF4DB48422C3023B00BDA3DC /* B@3x.png */,
				CF4DB48522C3023B00BDA3DC /* cellRightArrow.png */,
				CF4DB48622C3023B00BDA3DC /* uHOVER@3x.png */,
				CF4DB48722C3023B00BDA3DC /* zuo@2x.png */,
				CF4DB48822C3023B00BDA3DC /* you@3x.png */,
				CF4DB48922C3023B00BDA3DC /* ziti@2x.png */,
			);
			path = image;
			sourceTree = "<group>";
		};
		CF4DB48B22C3023B00BDA3DC /* VJCategory */ = {
			isa = PBXGroup;
			children = (
				CF4DB49322C3023B00BDA3DC /* NSString+VJUUID.h */,
				CF4DB48F22C3023B00BDA3DC /* NSString+VJUUID.m */,
				CF4DB48D22C3023B00BDA3DC /* UIControl+KWButtonExtension.h */,
				CF4DB49222C3023B00BDA3DC /* UIControl+KWButtonExtension.m */,
				CF4DB49122C3023B00BDA3DC /* UIWebView+HackishAccessoryHiding.h */,
				CF4DB48E22C3023B00BDA3DC /* UIWebView+HackishAccessoryHiding.m */,
				CF4DB49022C3023B00BDA3DC /* UIWebView+VJJSTool.h */,
				CF4DB48C22C3023B00BDA3DC /* UIWebView+VJJSTool.m */,
			);
			path = VJCategory;
			sourceTree = "<group>";
		};
/* End PBXGroup section */

/* Begin PBXNativeTarget section */
		CF4DB42822C301E100BDA3DC /* VJRichTextEditor */ = {
			isa = PBXNativeTarget;
			buildConfigurationList = CF4DB43F22C301E200BDA3DC /* Build configuration list for PBXNativeTarget "VJRichTextEditor" */;
			buildPhases = (
				CF4DB42522C301E100BDA3DC /* Sources */,
				CF4DB42622C301E100BDA3DC /* Frameworks */,
				CF4DB42722C301E100BDA3DC /* Resources */,
			);
			buildRules = (
			);
			dependencies = (
			);
			name = VJRichTextEditor;
			productName = VJRichTextEditor;
			productReference = CF4DB42922C301E100BDA3DC /* VJRichTextEditor.app */;
			productType = "com.apple.product-type.application";
		};
/* End PBXNativeTarget section */

/* Begin PBXProject section */
		CF4DB42122C301E100BDA3DC /* Project object */ = {
			isa = PBXProject;
			attributes = {
				LastUpgradeCheck = 1020;
				ORGANIZATIONNAME = vj;
				TargetAttributes = {
					CF4DB42822C301E100BDA3DC = {
						CreatedOnToolsVersion = 10.2.1;
					};
				};
			};
			buildConfigurationList = CF4DB42422C301E100BDA3DC /* Build configuration list for PBXProject "VJRichTextEditor" */;
			compatibilityVersion = "Xcode 9.3";
			developmentRegion = en;
			hasScannedForEncodings = 0;
			knownRegions = (
				en,
				Base,
			);
			mainGroup = CF4DB42022C301E100BDA3DC;
			productRefGroup = CF4DB42A22C301E100BDA3DC /* Products */;
			projectDirPath = "";
			projectRoot = "";
			targets = (
				CF4DB42822C301E100BDA3DC /* VJRichTextEditor */,
			);
		};
/* End PBXProject section */

/* Begin PBXResourcesBuildPhase section */
		CF4DB42722C301E100BDA3DC /* Resources */ = {
			isa = PBXResourcesBuildPhase;
			buildActionMask = 2147483647;
			files = (
				CF4DB4C522C3023B00BDA3DC /* icon_left@3x.png in Resources */,
				CF4DB4B022C3023B00BDA3DC /* BHOVER@3x.png in Resources */,
				CF4DB4B322C3023B00BDA3DC /* tool_tab@2x.png in Resources */,
				CF4DB4A622C3023B00BDA3DC /* Aam@3x.png in Resources */,
				CF4DB4D522C3023B00BDA3DC /* zuo@2x.png in Resources */,
				CF4DB49A22C3023B00BDA3DC /* editor.html in Resources */,
				CF4DB4CF22C3023B00BDA3DC /* B@2x.png in Resources */,
				CF4DB4C122C3023B00BDA3DC /* IHOVER@3x.png in Resources */,
				CF4DB4BA22C3023B00BDA3DC /* Aal@2x.png in Resources */,
				CF4DB4A822C3023B00BDA3DC /* lianjie@2x.png in Resources */,
				CF4DB4B822C3023B00BDA3DC /* chongzuo@3x.png in Resources */,
				CF4DB4C822C3023B00BDA3DC /* excsuojin@3x.png in Resources */,
				CF4DB49622C3023B00BDA3DC /* ZSSRichTextEditor.js in Resources */,
				CF4DB4B722C3023B00BDA3DC /* suojin@2x.png in Resources */,
				CF4DB4DD22C3023B00BDA3DC /* JSBeautifier.js in Resources */,
				CF4DB4AF22C3023B00BDA3DC /* Aas@2x.png in Resources */,
				CF4DB4C622C3023B00BDA3DC /* icon_right@3x.png in Resources */,
				CF4DB4D722C3023B00BDA3DC /* ziti@2x.png in Resources */,
				CF4DB4B222C3023B00BDA3DC /* tool_tab@3x.png in Resources */,
				CF4DB49F22C3023B00BDA3DC /* lianjie@3x.png in Resources */,
				CF4DB4D622C3023B00BDA3DC /* you@3x.png in Resources */,
				CF4DB4AB22C3023B00BDA3DC /* Aalhover@3x.png in Resources */,
				CF4DB4B622C3023B00BDA3DC /* Aas@3x.png in Resources */,
				CF4DB43622C301E200BDA3DC /* Assets.xcassets in Resources */,
				CF4DB4CC22C3023B00BDA3DC /* you@2x.png in Resources */,
				CF4DB4BD22C3023B00BDA3DC /* jianpanshang@3x.png in Resources */,
				CF4DB4B922C3023B00BDA3DC /* u@2x.png in Resources */,
				CF4DB4CE22C3023B00BDA3DC /* uHOVER@2x.png in Resources */,
				CF4DB4B122C3023B00BDA3DC /* tupian@3x.png in Resources */,
				CF4DB4A722C3023B00BDA3DC /* jianpanxia@2x.png in Resources */,
				CF4DB4D022C3023B00BDA3DC /* wuxuliebiaohover@3x.png in Resources */,
				CF4DB4D322C3023B00BDA3DC /* cellRightArrow.png in Resources */,
				CF4DB49722C3023B00BDA3DC /* KWEditorBar.xib in Resources */,
				CF4DB4A022C3023B00BDA3DC /* Aam@2x.png in Resources */,
				CF4DB4BC22C3023B00BDA3DC /* excsuojin@2x.png in Resources */,
				CF4DB4AD22C3023B00BDA3DC /* chongzuo@2x.png in Resources */,
				CF4DB4AC22C3023B00BDA3DC /* u@3x.png in Resources */,
				CF4DB49D22C3023B00BDA3DC /* wuxuliebiao@2x.png in Resources */,
				CF4DB4BE22C3023B00BDA3DC /* icon_right@2x.png in Resources */,
				CF4DB4D422C3023B00BDA3DC /* uHOVER@3x.png in Resources */,
				CF4DB4C922C3023B00BDA3DC /* Aamhover@2x.png in Resources */,
				CF4DB4E322C3041B00BDA3DC /* LaunchScreen.storyboard in Resources */,
				CF4DB4C222C3023B00BDA3DC /* IHOVER@2x.png in Resources */,
				CF4DB4D222C3023B00BDA3DC /* B@3x.png in Resources */,
				CF4DB4C022C3023B00BDA3DC /* chexiao@2x.png in Resources */,
				CF4DB4AE22C3023B00BDA3DC /* suojin@3x.png in Resources */,
				CF4DB4D122C3023B00BDA3DC /* wuxuliebiaohover@2x.png in Resources */,
				CF4DB49C22C3023B00BDA3DC /* Aalhover@2x.png in Resources */,
				CF4DB4DE22C3023B00BDA3DC /* jQuery.js in Resources */,
				CF4DB4CB22C3023B00BDA3DC /* ziti@3x.png in Resources */,
				CF4DB4A222C3023B00BDA3DC /* zhong@3x.png in Resources */,
				CF4DB49B22C3023B00BDA3DC /* Aashover@2x.png in Resources */,
				CF4DB4A922C3023B00BDA3DC /* ziti_hover@3x.png in Resources */,
				CF4DB4CD22C3023B00BDA3DC /* zuo@3x.png in Resources */,
				CF4DB4B522C3023B00BDA3DC /* BHOVER@2x.png in Resources */,
				CF4DB4AA22C3023B00BDA3DC /* wuxuliebiao@3x.png in Resources */,
				CF4DB4BB22C3023B00BDA3DC /* Aamhover@3x.png in Resources */,
				CF4DB4C422C3023B00BDA3DC /* Aashover @3x.png in Resources */,
				CF4DB4C722C3023B00BDA3DC /* jianpanshang@2x.png in Resources */,
				CF4DB4A322C3023B00BDA3DC /* I@2x.png in Resources */,
				CF4DB4CA22C3023B00BDA3DC /* Aal@3x.png in Resources */,
				CF4DB4B422C3023B00BDA3DC /* tupian@2x.png in Resources */,
				CF4DB49E22C3023B00BDA3DC /* ziti_hover@2x.png in Resources */,
				CF4DB4A122C3023B00BDA3DC /* jianpanxia@3x.png in Resources */,
				CF4DB4A422C3023B00BDA3DC /* I@3x.png in Resources */,
				CF4DB4C322C3023B00BDA3DC /* chexiao@3x.png in Resources */,
				CF4DB4BF22C3023B00BDA3DC /* icon_left@2x.png in Resources */,
				CF4DB4A522C3023B00BDA3DC /* zhong@2x.png in Resources */,
			);
			runOnlyForDeploymentPostprocessing = 0;
		};
/* End PBXResourcesBuildPhase section */

/* Begin PBXSourcesBuildPhase section */
		CF4DB42522C301E100BDA3DC /* Sources */ = {
			isa = PBXSourcesBuildPhase;
			buildActionMask = 2147483647;
			files = (
				CF4DB43122C301E100BDA3DC /* ViewController.m in Sources */,
				CF4DB4E122C3029F00BDA3DC /* RichTextEditorDemo.m in Sources */,
				CF4DB4D922C3023B00BDA3DC /* UIWebView+VJJSTool.m in Sources */,
				CF4DB43C22C301E200BDA3DC /* main.m in Sources */,
				CF4DB4DB22C3023B00BDA3DC /* NSString+VJUUID.m in Sources */,
				CF4DB4D822C3023B00BDA3DC /* ZSSRichTextEditor.m in Sources */,
				CF4DB49822C3023B00BDA3DC /* KWFontStyleBar.m in Sources */,
				CF4DB4DA22C3023B00BDA3DC /* UIWebView+HackishAccessoryHiding.m in Sources */,
				CF4DB4DC22C3023B00BDA3DC /* UIControl+KWButtonExtension.m in Sources */,
				CF4DB49922C3023B00BDA3DC /* KWEditorBar.m in Sources */,
				CF4DB42E22C301E100BDA3DC /* AppDelegate.m in Sources */,
			);
			runOnlyForDeploymentPostprocessing = 0;
		};
/* End PBXSourcesBuildPhase section */

/* Begin XCBuildConfiguration section */
		CF4DB43D22C301E200BDA3DC /* Debug */ = {
			isa = XCBuildConfiguration;
			buildSettings = {
				ALWAYS_SEARCH_USER_PATHS = NO;
				CLANG_ANALYZER_NONNULL = YES;
				CLANG_ANALYZER_NUMBER_OBJECT_CONVERSION = YES_AGGRESSIVE;
				CLANG_CXX_LANGUAGE_STANDARD = "gnu++14";
				CLANG_CXX_LIBRARY = "libc++";
				CLANG_ENABLE_MODULES = YES;
				CLANG_ENABLE_OBJC_ARC = YES;
				CLANG_ENABLE_OBJC_WEAK = YES;
				CLANG_WARN_BLOCK_CAPTURE_AUTORELEASING = YES;
				CLANG_WARN_BOOL_CONVERSION = YES;
				CLANG_WARN_COMMA = YES;
				CLANG_WARN_CONSTANT_CONVERSION = YES;
				CLANG_WARN_DEPRECATED_OBJC_IMPLEMENTATIONS = YES;
				CLANG_WARN_DIRECT_OBJC_ISA_USAGE = YES_ERROR;
				CLANG_WARN_DOCUMENTATION_COMMENTS = YES;
				CLANG_WARN_EMPTY_BODY = YES;
				CLANG_WARN_ENUM_CONVERSION = YES;
				CLANG_WARN_INFINITE_RECURSION = YES;
				CLANG_WARN_INT_CONVERSION = YES;
				CLANG_WARN_NON_LITERAL_NULL_CONVERSION = YES;
				CLANG_WARN_OBJC_IMPLICIT_RETAIN_SELF = YES;
				CLANG_WARN_OBJC_LITERAL_CONVERSION = YES;
				CLANG_WARN_OBJC_ROOT_CLASS = YES_ERROR;
				CLANG_WARN_RANGE_LOOP_ANALYSIS = YES;
				CLANG_WARN_STRICT_PROTOTYPES = YES;
				CLANG_WARN_SUSPICIOUS_MOVE = YES;
				CLANG_WARN_UNGUARDED_AVAILABILITY = YES_AGGRESSIVE;
				CLANG_WARN_UNREACHABLE_CODE = YES;
				CLANG_WARN__DUPLICATE_METHOD_MATCH = YES;
				CODE_SIGN_IDENTITY = "iPhone Developer";
				COPY_PHASE_STRIP = NO;
				DEBUG_INFORMATION_FORMAT = dwarf;
				ENABLE_STRICT_OBJC_MSGSEND = YES;
				ENABLE_TESTABILITY = YES;
				GCC_C_LANGUAGE_STANDARD = gnu11;
				GCC_DYNAMIC_NO_PIC = NO;
				GCC_NO_COMMON_BLOCKS = YES;
				GCC_OPTIMIZATION_LEVEL = 0;
				GCC_PREPROCESSOR_DEFINITIONS = (
					"DEBUG=1",
					"$(inherited)",
				);
				GCC_WARN_64_TO_32_BIT_CONVERSION = YES;
				GCC_WARN_ABOUT_RETURN_TYPE = YES_ERROR;
				GCC_WARN_UNDECLARED_SELECTOR = YES;
				GCC_WARN_UNINITIALIZED_AUTOS = YES_AGGRESSIVE;
				GCC_WARN_UNUSED_FUNCTION = YES;
				GCC_WARN_UNUSED_VARIABLE = YES;
				IPHONEOS_DEPLOYMENT_TARGET = 12.2;
				MTL_ENABLE_DEBUG_INFO = INCLUDE_SOURCE;
				MTL_FAST_MATH = YES;
				ONLY_ACTIVE_ARCH = YES;
				SDKROOT = iphoneos;
			};
			name = Debug;
		};
		CF4DB43E22C301E200BDA3DC /* Release */ = {
			isa = XCBuildConfiguration;
			buildSettings = {
				ALWAYS_SEARCH_USER_PATHS = NO;
				CLANG_ANALYZER_NONNULL = YES;
				CLANG_ANALYZER_NUMBER_OBJECT_CONVERSION = YES_AGGRESSIVE;
				CLANG_CXX_LANGUAGE_STANDARD = "gnu++14";
				CLANG_CXX_LIBRARY = "libc++";
				CLANG_ENABLE_MODULES = YES;
				CLANG_ENABLE_OBJC_ARC = YES;
				CLANG_ENABLE_OBJC_WEAK = YES;
				CLANG_WARN_BLOCK_CAPTURE_AUTORELEASING = YES;
				CLANG_WARN_BOOL_CONVERSION = YES;
				CLANG_WARN_COMMA = YES;
				CLANG_WARN_CONSTANT_CONVERSION = YES;
				CLANG_WARN_DEPRECATED_OBJC_IMPLEMENTATIONS = YES;
				CLANG_WARN_DIRECT_OBJC_ISA_USAGE = YES_ERROR;
				CLANG_WARN_DOCUMENTATION_COMMENTS = YES;
				CLANG_WARN_EMPTY_BODY = YES;
				CLANG_WARN_ENUM_CONVERSION = YES;
				CLANG_WARN_INFINITE_RECURSION = YES;
				CLANG_WARN_INT_CONVERSION = YES;
				CLANG_WARN_NON_LITERAL_NULL_CONVERSION = YES;
				CLANG_WARN_OBJC_IMPLICIT_RETAIN_SELF = YES;
				CLANG_WARN_OBJC_LITERAL_CONVERSION = YES;
				CLANG_WARN_OBJC_ROOT_CLASS = YES_ERROR;
				CLANG_WARN_RANGE_LOOP_ANALYSIS = YES;
				CLANG_WARN_STRICT_PROTOTYPES = YES;
				CLANG_WARN_SUSPICIOUS_MOVE = YES;
				CLANG_WARN_UNGUARDED_AVAILABILITY = YES_AGGRESSIVE;
				CLANG_WARN_UNREACHABLE_CODE = YES;
				CLANG_WARN__DUPLICATE_METHOD_MATCH = YES;
				CODE_SIGN_IDENTITY = "iPhone Developer";
				COPY_PHASE_STRIP = NO;
				DEBUG_INFORMATION_FORMAT = "dwarf-with-dsym";
				ENABLE_NS_ASSERTIONS = NO;
				ENABLE_STRICT_OBJC_MSGSEND = YES;
				GCC_C_LANGUAGE_STANDARD = gnu11;
				GCC_NO_COMMON_BLOCKS = YES;
				GCC_WARN_64_TO_32_BIT_CONVERSION = YES;
				GCC_WARN_ABOUT_RETURN_TYPE = YES_ERROR;
				GCC_WARN_UNDECLARED_SELECTOR = YES;
				GCC_WARN_UNINITIALIZED_AUTOS = YES_AGGRESSIVE;
				GCC_WARN_UNUSED_FUNCTION = YES;
				GCC_WARN_UNUSED_VARIABLE = YES;
				IPHONEOS_DEPLOYMENT_TARGET = 12.2;
				MTL_ENABLE_DEBUG_INFO = NO;
				MTL_FAST_MATH = YES;
				SDKROOT = iphoneos;
				VALIDATE_PRODUCT = YES;
			};
			name = Release;
		};
		CF4DB44022C301E200BDA3DC /* Debug */ = {
			isa = XCBuildConfiguration;
			buildSettings = {
				ASSETCATALOG_COMPILER_APPICON_NAME = AppIcon;
				CODE_SIGN_STYLE = Automatic;
				DEVELOPMENT_TEAM = THT3GQP5YR;
				INFOPLIST_FILE = VJRichTextEditor/Info.plist;
				IPHONEOS_DEPLOYMENT_TARGET = 8.0;
				LD_RUNPATH_SEARCH_PATHS = (
					"$(inherited)",
					"@executable_path/Frameworks",
				);
				PRODUCT_BUNDLE_IDENTIFIER = com.vj.VJRichTextEditor;
				PRODUCT_NAME = "$(TARGET_NAME)";
				TARGETED_DEVICE_FAMILY = 1;
			};
			name = Debug;
		};
		CF4DB44122C301E200BDA3DC /* Release */ = {
			isa = XCBuildConfiguration;
			buildSettings = {
				ASSETCATALOG_COMPILER_APPICON_NAME = AppIcon;
				CODE_SIGN_STYLE = Automatic;
				DEVELOPMENT_TEAM = THT3GQP5YR;
				INFOPLIST_FILE = VJRichTextEditor/Info.plist;
				IPHONEOS_DEPLOYMENT_TARGET = 8.0;
				LD_RUNPATH_SEARCH_PATHS = (
					"$(inherited)",
					"@executable_path/Frameworks",
				);
				PRODUCT_BUNDLE_IDENTIFIER = com.vj.VJRichTextEditor;
				PRODUCT_NAME = "$(TARGET_NAME)";
				TARGETED_DEVICE_FAMILY = 1;
			};
			name = Release;
		};
/* End XCBuildConfiguration section */

/* Begin XCConfigurationList section */
		CF4DB42422C301E100BDA3DC /* Build configuration list for PBXProject "VJRichTextEditor" */ = {
			isa = XCConfigurationList;
			buildConfigurations = (
				CF4DB43D22C301E200BDA3DC /* Debug */,
				CF4DB43E22C301E200BDA3DC /* Release */,
			);
			defaultConfigurationIsVisible = 0;
			defaultConfigurationName = Release;
		};
		CF4DB43F22C301E200BDA3DC /* Build configuration list for PBXNativeTarget "VJRichTextEditor" */ = {
			isa = XCConfigurationList;
			buildConfigurations = (
				CF4DB44022C301E200BDA3DC /* Debug */,
				CF4DB44122C301E200BDA3DC /* Release */,
			);
			defaultConfigurationIsVisible = 0;
			defaultConfigurationName = Release;
		};
/* End XCConfigurationList section */
	};
	rootObject = CF4DB42122C301E100BDA3DC /* Project object */;
}
